// !$*UTF8*$!
{
	archiveVersion = 1;
	classes = {
	};
	objectVersion = 46;
	objects = {

/* Begin PBXBuildFile section */
		92116328197CD29800C2D412 /* ContainerViewController.swift in Sources */ = {isa = PBXBuildFile; fileRef = 92116327197CD29800C2D412 /* ContainerViewController.swift */; };
		9211632A197CD44B00C2D412 /* MessageTextField.swift in Sources */ = {isa = PBXBuildFile; fileRef = 92116329197CD44B00C2D412 /* MessageTextField.swift */; };
		929906F3197B013D00F08E5F /* AppDelegate.swift in Sources */ = {isa = PBXBuildFile; fileRef = 929906F2197B013D00F08E5F /* AppDelegate.swift */; };
		929906F8197B013D00F08E5F /* Main.storyboard in Resources */ = {isa = PBXBuildFile; fileRef = 929906F6197B013D00F08E5F /* Main.storyboard */; };
		929906FA197B013D00F08E5F /* Images.xcassets in Resources */ = {isa = PBXBuildFile; fileRef = 929906F9197B013D00F08E5F /* Images.xcassets */; };
		92990706197B013D00F08E5F /* MessengerPrototypeTests.swift in Sources */ = {isa = PBXBuildFile; fileRef = 92990705197B013D00F08E5F /* MessengerPrototypeTests.swift */; };
		92990710197B149F00F08E5F /* MessengerTableViewController.swift in Sources */ = {isa = PBXBuildFile; fileRef = 9299070F197B149F00F08E5F /* MessengerTableViewController.swift */; };
		92990712197B169D00F08E5F /* MessageTableViewCell.swift in Sources */ = {isa = PBXBuildFile; fileRef = 92990711197B169D00F08E5F /* MessageTableViewCell.swift */; };
		92A49CF0198ED4FC006AFEDC /* User.swift in Sources */ = {isa = PBXBuildFile; fileRef = 92A49CEF198ED4FC006AFEDC /* User.swift */; };
		92D2D9F2198DD26E00B297BB /* MainTableViewCell.xib in Resources */ = {isa = PBXBuildFile; fileRef = 92D2D9F1198DD26E00B297BB /* MainTableViewCell.xib */; };
/* End PBXBuildFile section */

/* Begin PBXContainerItemProxy section */
		92990700197B013D00F08E5F /* PBXContainerItemProxy */ = {
			isa = PBXContainerItemProxy;
			containerPortal = 929906E5197B013D00F08E5F /* Project object */;
			proxyType = 1;
			remoteGlobalIDString = 929906EC197B013D00F08E5F;
			remoteInfo = MessengerPrototype;
		};
/* End PBXContainerItemProxy section */

/* Begin PBXFileReference section */
		92116327197CD29800C2D412 /* ContainerViewController.swift */ = {isa = PBXFileReference; fileEncoding = 4; lastKnownFileType = sourcecode.swift; path = ContainerViewController.swift; sourceTree = "<group>"; };
		92116329197CD44B00C2D412 /* MessageTextField.swift */ = {isa = PBXFileReference; fileEncoding = 4; lastKnownFileType = sourcecode.swift; path = MessageTextField.swift; sourceTree = "<group>"; };
		929906ED197B013D00F08E5F /* MessengerPrototype.app */ = {isa = PBXFileReference; explicitFileType = wrapper.application; includeInIndex = 0; path = MessengerPrototype.app; sourceTree = BUILT_PRODUCTS_DIR; };
		929906F1197B013D00F08E5F /* Info.plist */ = {isa = PBXFileReference; lastKnownFileType = text.plist.xml; path = Info.plist; sourceTree = "<group>"; };
		929906F2197B013D00F08E5F /* AppDelegate.swift */ = {isa = PBXFileReference; lastKnownFileType = sourcecode.swift; path = AppDelegate.swift; sourceTree = "<group>"; };
		929906F7197B013D00F08E5F /* Base */ = {isa = PBXFileReference; lastKnownFileType = file.storyboard; name = Base; path = Base.lproj/Main.storyboard; sourceTree = "<group>"; };
		929906F9197B013D00F08E5F /* Images.xcassets */ = {isa = PBXFileReference; lastKnownFileType = folder.assetcatalog; path = Images.xcassets; sourceTree = "<group>"; };
		929906FF197B013D00F08E5F /* MessengerPrototypeTests.xctest */ = {isa = PBXFileReference; explicitFileType = wrapper.cfbundle; includeInIndex = 0; path = MessengerPrototypeTests.xctest; sourceTree = BUILT_PRODUCTS_DIR; };
		92990704197B013D00F08E5F /* Info.plist */ = {isa = PBXFileReference; lastKnownFileType = text.plist.xml; path = Info.plist; sourceTree = "<group>"; };
		92990705197B013D00F08E5F /* MessengerPrototypeTests.swift */ = {isa = PBXFileReference; lastKnownFileType = sourcecode.swift; path = MessengerPrototypeTests.swift; sourceTree = "<group>"; };
		9299070F197B149F00F08E5F /* MessengerTableViewController.swift */ = {isa = PBXFileReference; fileEncoding = 4; lastKnownFileType = sourcecode.swift; path = MessengerTableViewController.swift; sourceTree = "<group>"; };
		92990711197B169D00F08E5F /* MessageTableViewCell.swift */ = {isa = PBXFileReference; fileEncoding = 4; lastKnownFileType = sourcecode.swift; path = MessageTableViewCell.swift; sourceTree = "<group>"; };
		92A49CEF198ED4FC006AFEDC /* User.swift */ = {isa = PBXFileReference; fileEncoding = 4; lastKnownFileType = sourcecode.swift; path = User.swift; sourceTree = "<group>"; };
		92D2D9F1198DD26E00B297BB /* MainTableViewCell.xib */ = {isa = PBXFileReference; fileEncoding = 4; lastKnownFileType = file.xib; path = MainTableViewCell.xib; sourceTree = "<group>"; };
/* End PBXFileReference section */

/* Begin PBXFrameworksBuildPhase section */
		929906EA197B013D00F08E5F /* Frameworks */ = {
			isa = PBXFrameworksBuildPhase;
			buildActionMask = 2147483647;
			files = (
			);
			runOnlyForDeploymentPostprocessing = 0;
		};
		929906FC197B013D00F08E5F /* Frameworks */ = {
			isa = PBXFrameworksBuildPhase;
			buildActionMask = 2147483647;
			files = (
			);
			runOnlyForDeploymentPostprocessing = 0;
		};
/* End PBXFrameworksBuildPhase section */

/* Begin PBXGroup section */
		929906E4197B013D00F08E5F = {
			isa = PBXGroup;
			children = (
				929906EF197B013D00F08E5F /* MessengerPrototype */,
				92990702197B013D00F08E5F /* MessengerPrototypeTests */,
				929906EE197B013D00F08E5F /* Products */,
			);
			sourceTree = "<group>";
		};
		929906EE197B013D00F08E5F /* Products */ = {
			isa = PBXGroup;
			children = (
				929906ED197B013D00F08E5F /* MessengerPrototype.app */,
				929906FF197B013D00F08E5F /* MessengerPrototypeTests.xctest */,
			);
			name = Products;
			sourceTree = "<group>";
		};
		929906EF197B013D00F08E5F /* MessengerPrototype */ = {
			isa = PBXGroup;
			children = (
				929906F2197B013D00F08E5F /* AppDelegate.swift */,
				9299070F197B149F00F08E5F /* MessengerTableViewController.swift */,
				92990711197B169D00F08E5F /* MessageTableViewCell.swift */,
				92116327197CD29800C2D412 /* ContainerViewController.swift */,
				92116329197CD44B00C2D412 /* MessageTextField.swift */,
				92A49CEF198ED4FC006AFEDC /* User.swift */,
				929906F6197B013D00F08E5F /* Main.storyboard */,
				92D2D9F1198DD26E00B297BB /* MainTableViewCell.xib */,
				929906F9197B013D00F08E5F /* Images.xcassets */,
				929906F0197B013D00F08E5F /* Supporting Files */,
			);
			path = MessengerPrototype;
			sourceTree = "<group>";
		};
		929906F0197B013D00F08E5F /* Supporting Files */ = {
			isa = PBXGroup;
			children = (
				929906F1197B013D00F08E5F /* Info.plist */,
			);
			name = "Supporting Files";
			sourceTree = "<group>";
		};
		92990702197B013D00F08E5F /* MessengerPrototypeTests */ = {
			isa = PBXGroup;
			children = (
				92990705197B013D00F08E5F /* MessengerPrototypeTests.swift */,
				92990703197B013D00F08E5F /* Supporting Files */,
			);
			path = MessengerPrototypeTests;
			sourceTree = "<group>";
		};
		92990703197B013D00F08E5F /* Supporting Files */ = {
			isa = PBXGroup;
			children = (
				92990704197B013D00F08E5F /* Info.plist */,
			);
			name = "Supporting Files";
			sourceTree = "<group>";
		};
/* End PBXGroup section */

/* Begin PBXNativeTarget section */
		929906EC197B013D00F08E5F /* MessengerPrototype */ = {
			isa = PBXNativeTarget;
			buildConfigurationList = 92990709197B013D00F08E5F /* Build configuration list for PBXNativeTarget "MessengerPrototype" */;
			buildPhases = (
				929906E9197B013D00F08E5F /* Sources */,
				929906EA197B013D00F08E5F /* Frameworks */,
				929906EB197B013D00F08E5F /* Resources */,
			);
			buildRules = (
			);
			dependencies = (
			);
			name = MessengerPrototype;
			productName = MessengerPrototype;
			productReference = 929906ED197B013D00F08E5F /* MessengerPrototype.app */;
			productType = "com.apple.product-type.application";
		};
		929906FE197B013D00F08E5F /* MessengerPrototypeTests */ = {
			isa = PBXNativeTarget;
			buildConfigurationList = 9299070C197B013D00F08E5F /* Build configuration list for PBXNativeTarget "MessengerPrototypeTests" */;
			buildPhases = (
				929906FB197B013D00F08E5F /* Sources */,
				929906FC197B013D00F08E5F /* Frameworks */,
				929906FD197B013D00F08E5F /* Resources */,
			);
			buildRules = (
			);
			dependencies = (
				92990701197B013D00F08E5F /* PBXTargetDependency */,
			);
			name = MessengerPrototypeTests;
			productName = MessengerPrototypeTests;
			productReference = 929906FF197B013D00F08E5F /* MessengerPrototypeTests.xctest */;
			productType = "com.apple.product-type.bundle.unit-test";
		};
/* End PBXNativeTarget section */

/* Begin PBXProject section */
		929906E5197B013D00F08E5F /* Project object */ = {
			isa = PBXProject;
			attributes = {
				LastSwiftMigration = 0700;
				LastSwiftUpdateCheck = 0700;
				LastUpgradeCheck = 0700;
				ORGANIZATIONNAME = "Anthony Giugno";
				TargetAttributes = {
					929906EC197B013D00F08E5F = {
						CreatedOnToolsVersion = 6.0;
						DevelopmentTeam = PJ4FXKL2H7;
					};
					929906FE197B013D00F08E5F = {
						CreatedOnToolsVersion = 6.0;
						TestTargetID = 929906EC197B013D00F08E5F;
					};
				};
			};
			buildConfigurationList = 929906E8197B013D00F08E5F /* Build configuration list for PBXProject "MessengerPrototype" */;
			compatibilityVersion = "Xcode 3.2";
			developmentRegion = English;
			hasScannedForEncodings = 0;
			knownRegions = (
				en,
				Base,
			);
			mainGroup = 929906E4197B013D00F08E5F;
			productRefGroup = 929906EE197B013D00F08E5F /* Products */;
			projectDirPath = "";
			projectRoot = "";
			targets = (
				929906EC197B013D00F08E5F /* MessengerPrototype */,
				929906FE197B013D00F08E5F /* MessengerPrototypeTests */,
			);
		};
/* End PBXProject section */

/* Begin PBXResourcesBuildPhase section */
		929906EB197B013D00F08E5F /* Resources */ = {
			isa = PBXResourcesBuildPhase;
			buildActionMask = 2147483647;
			files = (
				92D2D9F2198DD26E00B297BB /* MainTableViewCell.xib in Resources */,
				929906F8197B013D00F08E5F /* Main.storyboard in Resources */,
				929906FA197B013D00F08E5F /* Images.xcassets in Resources */,
			);
			runOnlyForDeploymentPostprocessing = 0;
		};
		929906FD197B013D00F08E5F /* Resources */ = {
			isa = PBXResourcesBuildPhase;
			buildActionMask = 2147483647;
			files = (
			);
			runOnlyForDeploymentPostprocessing = 0;
		};
/* End PBXResourcesBuildPhase section */

/* Begin PBXSourcesBuildPhase section */
		929906E9197B013D00F08E5F /* Sources */ = {
			isa = PBXSourcesBuildPhase;
			buildActionMask = 2147483647;
			files = (
				929906F3197B013D00F08E5F /* AppDelegate.swift in Sources */,
				92990710197B149F00F08E5F /* MessengerTableViewController.swift in Sources */,
				92A49CF0198ED4FC006AFEDC /* User.swift in Sources */,
				9211632A197CD44B00C2D412 /* MessageTextField.swift in Sources */,
				92116328197CD29800C2D412 /* ContainerViewController.swift in Sources */,
				92990712197B169D00F08E5F /* MessageTableViewCell.swift in Sources */,
			);
			runOnlyForDeploymentPostprocessing = 0;
		};
		929906FB197B013D00F08E5F /* Sources */ = {
			isa = PBXSourcesBuildPhase;
			buildActionMask = 2147483647;
			files = (
				92990706197B013D00F08E5F /* MessengerPrototypeTests.swift in Sources */,
			);
			runOnlyForDeploymentPostprocessing = 0;
		};
/* End PBXSourcesBuildPhase section */

/* Begin PBXTargetDependency section */
		92990701197B013D00F08E5F /* PBXTargetDependency */ = {
			isa = PBXTargetDependency;
			target = 929906EC197B013D00F08E5F /* MessengerPrototype */;
			targetProxy = 92990700197B013D00F08E5F /* PBXContainerItemProxy */;
		};
/* End PBXTargetDependency section */

/* Begin PBXVariantGroup section */
		929906F6197B013D00F08E5F /* Main.storyboard */ = {
			isa = PBXVariantGroup;
			children = (
				929906F7197B013D00F08E5F /* Base */,
			);
			name = Main.storyboard;
			sourceTree = "<group>";
		};
/* End PBXVariantGroup section */

/* Begin XCBuildConfiguration section */
		92990707197B013D00F08E5F /* Debug */ = {
			isa = XCBuildConfiguration;
			buildSettings = {
				ALWAYS_SEARCH_USER_PATHS = NO;
				CLANG_CXX_LANGUAGE_STANDARD = "gnu++0x";
				CLANG_CXX_LIBRARY = "libc++";
				CLANG_ENABLE_MODULES = YES;
				CLANG_ENABLE_OBJC_ARC = YES;
				CLANG_WARN_BOOL_CONVERSION = YES;
				CLANG_WARN_CONSTANT_CONVERSION = YES;
				CLANG_WARN_DIRECT_OBJC_ISA_USAGE = YES_ERROR;
				CLANG_WARN_EMPTY_BODY = YES;
				CLANG_WARN_ENUM_CONVERSION = YES;
				CLANG_WARN_INT_CONVERSION = YES;
				CLANG_WARN_OBJC_ROOT_CLASS = YES_ERROR;
				CLANG_WARN_UNREACHABLE_CODE = YES;
				CLANG_WARN__DUPLICATE_METHOD_MATCH = YES;
				"CODE_SIGN_IDENTITY[sdk=iphoneos*]" = "iPhone Developer";
				COPY_PHASE_STRIP = NO;
				ENABLE_STRICT_OBJC_MSGSEND = YES;
				ENABLE_TESTABILITY = YES;
				GCC_C_LANGUAGE_STANDARD = gnu99;
				GCC_DYNAMIC_NO_PIC = NO;
				GCC_OPTIMIZATION_LEVEL = 0;
				GCC_PREPROCESSOR_DEFINITIONS = (
					"DEBUG=1",
					"$(inherited)",
				);
				GCC_SYMBOLS_PRIVATE_EXTERN = NO;
				GCC_WARN_64_TO_32_BIT_CONVERSION = YES;
				GCC_WARN_ABOUT_RETURN_TYPE = YES_ERROR;
				GCC_WARN_UNDECLARED_SELECTOR = YES;
				GCC_WARN_UNINITIALIZED_AUTOS = YES_AGGRESSIVE;
				GCC_WARN_UNUSED_FUNCTION = YES;
				GCC_WARN_UNUSED_VARIABLE = YES;
				IPHONEOS_DEPLOYMENT_TARGET = 8.0;
				METAL_ENABLE_DEBUG_INFO = YES;
				ONLY_ACTIVE_ARCH = YES;
				SDKROOT = iphoneos;
				SWIFT_OPTIMIZATION_LEVEL = "-Onone";
				TARGETED_DEVICE_FAMILY = "1,2";
			};
			name = Debug;
		};
		92990708197B013D00F08E5F /* Release */ = {
			isa = XCBuildConfiguration;
			buildSettings = {
				ALWAYS_SEARCH_USER_PATHS = NO;
				CLANG_CXX_LANGUAGE_STANDARD = "gnu++0x";
				CLANG_CXX_LIBRARY = "libc++";
				CLANG_ENABLE_MODULES = YES;
				CLANG_ENABLE_OBJC_ARC = YES;
				CLANG_WARN_BOOL_CONVERSION = YES;
				CLANG_WARN_CONSTANT_CONVERSION = YES;
				CLANG_WARN_DIRECT_OBJC_ISA_USAGE = YES_ERROR;
				CLANG_WARN_EMPTY_BODY = YES;
				CLANG_WARN_ENUM_CONVERSION = YES;
				CLANG_WARN_INT_CONVERSION = YES;
				CLANG_WARN_OBJC_ROOT_CLASS = YES_ERROR;
				CLANG_WARN_UNREACHABLE_CODE = YES;
				CLANG_WARN__DUPLICATE_METHOD_MATCH = YES;
				"CODE_SIGN_IDENTITY[sdk=iphoneos*]" = "iPhone Developer";
				COPY_PHASE_STRIP = YES;
				ENABLE_NS_ASSERTIONS = NO;
				ENABLE_STRICT_OBJC_MSGSEND = YES;
				GCC_C_LANGUAGE_STANDARD = gnu99;
				GCC_WARN_64_TO_32_BIT_CONVERSION = YES;
				GCC_WARN_ABOUT_RETURN_TYPE = YES_ERROR;
				GCC_WARN_UNDECLARED_SELECTOR = YES;
				GCC_WARN_UNINITIALIZED_AUTOS = YES_AGGRESSIVE;
				GCC_WARN_UNUSED_FUNCTION = YES;
				GCC_WARN_UNUSED_VARIABLE = YES;
				IPHONEOS_DEPLOYMENT_TARGET = 8.0;
				METAL_ENABLE_DEBUG_INFO = NO;
				SDKROOT = iphoneos;
				TARGETED_DEVICE_FAMILY = "1,2";
				VALIDATE_PRODUCT = YES;
			};
			name = Release;
		};
		9299070A197B013D00F08E5F /* Debug */ = {
			isa = XCBuildConfiguration;
			buildSettings = {
				ASSETCATALOG_COMPILER_APPICON_NAME = AppIcon;
				ASSETCATALOG_COMPILER_LAUNCHIMAGE_NAME = LaunchImage;
				CODE_SIGN_IDENTITY = "iPhone Developer";
				"CODE_SIGN_IDENTITY[sdk=iphoneos*]" = "iPhone Developer";
				INFOPLIST_FILE = MessengerPrototype/Info.plist;
				LD_RUNPATH_SEARCH_PATHS = "$(inherited) @executable_path/Frameworks";
				PRODUCT_BUNDLE_IDENTIFIER = "AG.${PRODUCT_NAME:rfc1034identifier}";
				PRODUCT_NAME = "$(TARGET_NAME)";
				PROVISIONING_PROFILE = "";
			};
			name = Debug;
		};
		9299070B197B013D00F08E5F /* Release */ = {
			isa = XCBuildConfiguration;
			buildSettings = {
				ASSETCATALOG_COMPILER_APPICON_NAME = AppIcon;
				ASSETCATALOG_COMPILER_LAUNCHIMAGE_NAME = LaunchImage;
				CODE_SIGN_IDENTITY = "iPhone Developer";
				"CODE_SIGN_IDENTITY[sdk=iphoneos*]" = "iPhone Developer";
				INFOPLIST_FILE = MessengerPrototype/Info.plist;
				LD_RUNPATH_SEARCH_PATHS = "$(inherited) @executable_path/Frameworks";
				PRODUCT_BUNDLE_IDENTIFIER = "AG.${PRODUCT_NAME:rfc1034identifier}";
				PRODUCT_NAME = "$(TARGET_NAME)";
				PROVISIONING_PROFILE = "";
			};
			name = Release;
		};
		9299070D197B013D00F08E5F /* Debug */ = {
			isa = XCBuildConfiguration;
			buildSettings = {
				BUNDLE_LOADER = "$(BUILT_PRODUCTS_DIR)/MessengerPrototype.app/MessengerPrototype";
				FRAMEWORK_SEARCH_PATHS = (
					"$(SDKROOT)/Developer/Library/Frameworks",
					"$(inherited)",
				);
				GCC_PREPROCESSOR_DEFINITIONS = (
					"DEBUG=1",
					"$(inherited)",
				);
				INFOPLIST_FILE = MessengerPrototypeTests/Info.plist;
				LD_RUNPATH_SEARCH_PATHS = "$(inherited) @executable_path/Frameworks @loader_path/Frameworks";
				METAL_ENABLE_DEBUG_INFO = YES;
				PRODUCT_BUNDLE_IDENTIFIER = "AG.${PRODUCT_NAME:rfc1034identifier}";
				PRODUCT_NAME = "$(TARGET_NAME)";
				TEST_HOST = "$(BUNDLE_LOADER)";
			};
			name = Debug;
		};
		9299070E197B013D00F08E5F /* Release */ = {
			isa = XCBuildConfiguration;
			buildSettings = {
				BUNDLE_LOADER = "$(BUILT_PRODUCTS_DIR)/MessengerPrototype.app/MessengerPrototype";
				FRAMEWORK_SEARCH_PATHS = (
					"$(SDKROOT)/Developer/Library/Frameworks",
					"$(inherited)",
				);
				INFOPLIST_FILE = MessengerPrototypeTests/Info.plist;
				LD_RUNPATH_SEARCH_PATHS = "$(inherited) @executable_path/Frameworks @loader_path/Frameworks";
				METAL_ENABLE_DEBUG_INFO = NO;
				PRODUCT_BUNDLE_IDENTIFIER = "AG.${PRODUCT_NAME:rfc1034identifier}";
				PRODUCT_NAME = "$(TARGET_NAME)";
				TEST_HOST = "$(BUNDLE_LOADER)";
			};
			name = Release;
		};
/* End XCBuildConfiguration section */

/* Begin XCConfigurationList section */
		929906E8197B013D00F08E5F /* Build configuration list for PBXProject "MessengerPrototype" */ = {
			isa = XCConfigurationList;
			buildConfigurations = (
				92990707197B013D00F08E5F /* Debug */,
				92990708197B013D00F08E5F /* Release */,
			);
			defaultConfigurationIsVisible = 0;
			defaultConfigurationName = Release;
		};
		92990709197B013D00F08E5F /* Build configuration list for PBXNativeTarget "MessengerPrototype" */ = {
			isa = XCConfigurationList;
			buildConfigurations = (
				9299070A197B013D00F08E5F /* Debug */,
				9299070B197B013D00F08E5F /* Release */,
			);
			defaultConfigurationIsVisible = 0;
			defaultConfigurationName = Release;
		};
		9299070C197B013D00F08E5F /* Build configuration list for PBXNativeTarget "MessengerPrototypeTests" */ = {
			isa = XCConfigurationList;
			buildConfigurations = (
				9299070D197B013D00F08E5F /* Debug */,
				9299070E197B013D00F08E5F /* Release */,
			);
			defaultConfigurationIsVisible = 0;
			defaultConfigurationName = Release;
		};
/* End XCConfigurationList section */
	};
	rootObject = 929906E5197B013D00F08E5F /* Project object */;
}
